
Microsoft Visual Studio Solution File, Format Version 12.00
# Visual Studio Version 17
VisualStudioVersion = 17.0.31521.260
MinimumVisualStudioVersion = 10.0.40219.1
Project("{FAE04EC0-301F-11D3-BF4B-00C04F79EFBC}") = "BornfightTask", "BornfightTask.csproj", "{7FDB8420-4DCB-4410-9198-B3A70DE35DD6}"
EndProject
Global
	GlobalSection(SolutionConfigurationPlatforms) = preSolution
		Debug|Any CPU = Debug|Any CPU
		Release|Any CPU = Release|Any CPU
	EndGlobalSection
	GlobalSection(ProjectConfigurationPlatforms) = postSolution
		{7FDB8420-4DCB-4410-9198-B3A70DE35DD6}.Debug|Any CPU.ActiveCfg = Debug|Any CPU
		{7FDB8420-4DCB-4410-9198-B3A70DE35DD6}.Debug|Any CPU.Build.0 = Debug|Any CPU
		{7FDB8420-4DCB-4410-9198-B3A70DE35DD6}.Release|Any CPU.ActiveCfg = Release|Any CPU
		{7FDB8420-4DCB-4410-9198-B3A70DE35DD6}.Release|Any CPU.Build.0 = Release|Any CPU
	EndGlobalSection
	GlobalSection(SolutionProperties) = preSolution
		HideSolutionNode = FALSE
	EndGlobalSection
	GlobalSection(ExtensibilityGlobals) = postSolution
		SolutionGuid = {851CD1AD-47FC-4E00-A726-E2E2ADF6E3D5}
	EndGlobalSection
EndGlobal
